// !$*UTF8*$!
{
	archiveVersion = 1;
	classes = {
	};
	objectVersion = 77;
	objects = {

/* Begin PBXContainerItemProxy section */
		6B6F6AFD6D5A4BAEB8060BCC /* PBXContainerItemProxy */ = {
			isa = PBXContainerItemProxy;
			containerPortal = 9DCE69F42DBFD50900A76B23 /* Project object */;
			proxyType = 1;
			remoteGlobalIDString = 9DCE69FB2DBFD50900A76B23;
			remoteInfo = GoogleMaps3DDemo;
		};
		182F3BA6D6FD497FA9D84FDA /* PBXContainerItemProxy */ = {
			isa = PBXContainerItemProxy;
			containerPortal = 9DCE69F42DBFD50900A76B23 /* Project object */;
			proxyType = 1;
			remoteGlobalIDString = 9DCE69FB2DBFD50900A76B23;
			remoteInfo = GoogleMaps3DDemo;
		};
/* End PBXContainerItemProxy section */

/* Begin PBXBuildFile section */
		9DAEBE1D2DDCCB12002CC998 /* GoogleMaps3D in Frameworks */ = {isa = PBXBuildFile; productRef = 9DAEBE1C2DDCCB12002CC998 /* GoogleMaps3D */; };
		EFC85924B11348DB994674BE /* ABLineTests.swift in Sources */ = {isa = PBXBuildFile; fileRef = 4FF634D4E4564C14B83E8917 /* ABLineTests.swift */; };
		A09537AE8FDC4843BD537F16 /* WorkPointCalculatorTests.swift in Sources */ = {isa = PBXBuildFile; fileRef = 678D60C9270B4C2C89500334 /* WorkPointCalculatorTests.swift */; };
		61A468EE753F4ED2949E7191 /* VehicleConfigurationTests.swift in Sources */ = {isa = PBXBuildFile; fileRef = 1E6CC0CF29394681A5853F63 /* VehicleConfigurationTests.swift */; };
		4BC544D7A43442A1A31AE687 /* FlightDataLoaderTests.swift in Sources */ = {isa = PBXBuildFile; fileRef = 78178DB32E274DE881884387 /* FlightDataLoaderTests.swift */; };
		FA65E5CA44BC405C8316AAF4 /* FlightPathServiceTests.swift in Sources */ = {isa = PBXBuildFile; fileRef = 5CD78A38DAB64A7BBA804573 /* FlightPathServiceTests.swift */; };
		705236C9F42343F8B0342B61 /* DatabaseManagerTests.swift in Sources */ = {isa = PBXBuildFile; fileRef = D8EEC41F7F554673B6A1204F /* DatabaseManagerTests.swift */; };
		5B6C2C1E50B044168ECCF3EF /* flightpath_test.json in Resources */ = {isa = PBXBuildFile; fileRef = 021DEA068FDE4156BF4690AF /* flightpath_test.json */; };
		FF8A13FFBE5346339B18997D /* XCTest.framework in Frameworks */ = {isa = PBXBuildFile; fileRef = 64C2FF46AE7445CA8F31A876 /* XCTest.framework */; };
		FE2AA3D340CC45F1BF0C4539 /* GoogleMaps3DDemoUITests.swift in Sources */ = {isa = PBXBuildFile; fileRef = 815DA7EF0FF04D36AF576A13 /* GoogleMaps3DDemoUITests.swift */; };
		5CE56EA11F9744E19D38209E /* XCTest.framework in Frameworks */ = {isa = PBXBuildFile; fileRef = 64C2FF46AE7445CA8F31A876 /* XCTest.framework */; };
/* End PBXBuildFile section */

/* Begin PBXCopyFilesBuildPhase section */
		9DCE6A1F2DC0F86500A76B23 /* Embed Frameworks */ = {
			isa = PBXCopyFilesBuildPhase;
			buildActionMask = 2147483647;
			dstPath = "";
			dstSubfolderSpec = 10;
			files = (
			);
			name = "Embed Frameworks";
			runOnlyForDeploymentPostprocessing = 0;
		};
/* End PBXCopyFilesBuildPhase section */

/* Begin PBXFileReference section */
		9DCE69FC2DBFD50900A76B23 /* GoogleMaps3DDemo.app */ = {isa = PBXFileReference; explicitFileType = wrapper.application; includeInIndex = 0; path = GoogleMaps3DDemo.app; sourceTree = BUILT_PRODUCTS_DIR; };
		EF6F2E7D27D747548161C166 /* GoogleMaps3DDemoTests.xctest */ = {isa = PBXFileReference; explicitFileType = wrapper.cfbundle; includeInIndex = 0; path = GoogleMaps3DDemoTests.xctest; sourceTree = BUILT_PRODUCTS_DIR; };
		F0DEDB66DE384C3AB2E43E11 /* GoogleMaps3DDemoUITests.xctest */ = {isa = PBXFileReference; explicitFileType = wrapper.cfbundle; includeInIndex = 0; path = GoogleMaps3DDemoUITests.xctest; sourceTree = BUILT_PRODUCTS_DIR; };
		64C2FF46AE7445CA8F31A876 /* XCTest.framework */ = {isa = PBXFileReference; lastKnownFileType = wrapper.framework; name = XCTest.framework; path = System/Library/Frameworks/XCTest.framework; sourceTree = SDKROOT; };
		4FF634D4E4564C14B83E8917 /* ABLineTests.swift */ = {isa = PBXFileReference; lastKnownFileType = sourcecode.swift; path = ABLineTests.swift; sourceTree = "<group>"; };
		678D60C9270B4C2C89500334 /* WorkPointCalculatorTests.swift */ = {isa = PBXFileReference; lastKnownFileType = sourcecode.swift; path = WorkPointCalculatorTests.swift; sourceTree = "<group>"; };
		1E6CC0CF29394681A5853F63 /* VehicleConfigurationTests.swift */ = {isa = PBXFileReference; lastKnownFileType = sourcecode.swift; path = VehicleConfigurationTests.swift; sourceTree = "<group>"; };
		78178DB32E274DE881884387 /* FlightDataLoaderTests.swift */ = {isa = PBXFileReference; lastKnownFileType = sourcecode.swift; path = FlightDataLoaderTests.swift; sourceTree = "<group>"; };
		5CD78A38DAB64A7BBA804573 /* FlightPathServiceTests.swift */ = {isa = PBXFileReference; lastKnownFileType = sourcecode.swift; path = FlightPathServiceTests.swift; sourceTree = "<group>"; };
		D8EEC41F7F554673B6A1204F /* DatabaseManagerTests.swift */ = {isa = PBXFileReference; lastKnownFileType = sourcecode.swift; path = DatabaseManagerTests.swift; sourceTree = "<group>"; };
		021DEA068FDE4156BF4690AF /* flightpath_test.json */ = {isa = PBXFileReference; lastKnownFileType = text.json; path = Resources/flightpath_test.json; sourceTree = "<group>"; };
		815DA7EF0FF04D36AF576A13 /* GoogleMaps3DDemoUITests.swift */ = {isa = PBXFileReference; lastKnownFileType = sourcecode.swift; path = GoogleMaps3DDemoUITests.swift; sourceTree = "<group>"; };
/* End PBXFileReference section */

/* Begin PBXFileSystemSynchronizedBuildFileExceptionSet section */
		9DAEBE1A2DDCBFEA002CC998 /* Exceptions for "GoogleMaps3DDemo" folder in "GoogleMaps3DDemo" target */ = {
			isa = PBXFileSystemSynchronizedBuildFileExceptionSet;
			membershipExceptions = (
				Info.plist,
			);
			target = 9DCE69FB2DBFD50900A76B23 /* GoogleMaps3DDemo */;
		};
/* End PBXFileSystemSynchronizedBuildFileExceptionSet section */

/* Begin PBXFileSystemSynchronizedRootGroup section */
		9DCE69FE2DBFD50900A76B23 /* GoogleMaps3DDemo */ = {
			isa = PBXFileSystemSynchronizedRootGroup;
			exceptions = (
				9DAEBE1A2DDCBFEA002CC998 /* Exceptions for "GoogleMaps3DDemo" folder in "GoogleMaps3DDemo" target */,
			);
			path = GoogleMaps3DDemo;
			sourceTree = "<group>";
		};
/* End PBXFileSystemSynchronizedRootGroup section */

/* Begin PBXFrameworksBuildPhase section */
		9DCE69F92DBFD50900A76B23 /* Frameworks */ = {
			isa = PBXFrameworksBuildPhase;
			buildActionMask = 2147483647;
			files = (
				9DAEBE1D2DDCCB12002CC998 /* GoogleMaps3D in Frameworks */,
			);
			runOnlyForDeploymentPostprocessing = 0;
		};
		8D8DF3C08E91437FAACB889B /* Frameworks */ = {
			isa = PBXFrameworksBuildPhase;
			buildActionMask = 2147483647;
			files = (
				FF8A13FFBE5346339B18997D /* XCTest.framework in Frameworks */,
			);
			runOnlyForDeploymentPostprocessing = 0;
		};
		0F39CC7E760B41F7A5E5AD92 /* Frameworks */ = {
			isa = PBXFrameworksBuildPhase;
			buildActionMask = 2147483647;
			files = (
				5CE56EA11F9744E19D38209E /* XCTest.framework in Frameworks */,
			);
			runOnlyForDeploymentPostprocessing = 0;
		};
/* End PBXFrameworksBuildPhase section */

/* Begin PBXGroup section */
		9DCE69F32DBFD50900A76B23 = {
			isa = PBXGroup;
			children = (
				9DCE69FE2DBFD50900A76B23 /* GoogleMaps3DDemo */,
				9BBDF943968743F4A1625DD0 /* GoogleMaps3DDemoTests */,
				10C793C8EE9E42FD97BB7D5A /* GoogleMaps3DDemoUITests */,
				64C2FF46AE7445CA8F31A876 /* XCTest.framework */,
				9DCE69FD2DBFD50900A76B23 /* Products */,
			);
			sourceTree = "<group>";
		};
		9BBDF943968743F4A1625DD0 /* GoogleMaps3DDemoTests */ = {
			isa = PBXGroup;
			children = (
				4FF634D4E4564C14B83E8917 /* ABLineTests.swift */,
				678D60C9270B4C2C89500334 /* WorkPointCalculatorTests.swift */,
				1E6CC0CF29394681A5853F63 /* VehicleConfigurationTests.swift */,
				78178DB32E274DE881884387 /* FlightDataLoaderTests.swift */,
				5CD78A38DAB64A7BBA804573 /* FlightPathServiceTests.swift */,
				D8EEC41F7F554673B6A1204F /* DatabaseManagerTests.swift */,
				021DEA068FDE4156BF4690AF /* flightpath_test.json */,
			);
			path = GoogleMaps3DDemoTests;
			sourceTree = "<group>";
		};
		10C793C8EE9E42FD97BB7D5A /* GoogleMaps3DDemoUITests */ = {
			isa = PBXGroup;
			children = (
				815DA7EF0FF04D36AF576A13 /* GoogleMaps3DDemoUITests.swift */,
			);
			path = GoogleMaps3DDemoUITests;
			sourceTree = "<group>";
		};
		9DCE69FD2DBFD50900A76B23 /* Products */ = {
			isa = PBXGroup;
			children = (
				9DCE69FC2DBFD50900A76B23 /* GoogleMaps3DDemo.app */,
				EF6F2E7D27D747548161C166 /* GoogleMaps3DDemoTests.xctest */,
				F0DEDB66DE384C3AB2E43E11 /* GoogleMaps3DDemoUITests.xctest */,
			);
			name = Products;
			sourceTree = "<group>";
		};
/* End PBXGroup section */

/* Begin PBXNativeTarget section */
		9DCE69FB2DBFD50900A76B23 /* GoogleMaps3DDemo */ = {
			isa = PBXNativeTarget;
			buildConfigurationList = 9DCE6A0A2DBFD50B00A76B23 /* Build configuration list for PBXNativeTarget "GoogleMaps3DDemo" */;
			buildPhases = (
				9DCE69F82DBFD50900A76B23 /* Sources */,
				9DCE69F92DBFD50900A76B23 /* Frameworks */,
				9DCE69FA2DBFD50900A76B23 /* Resources */,
				9DCE6A1F2DC0F86500A76B23 /* Embed Frameworks */,
			);
			buildRules = (
			);
			dependencies = (
			);
			fileSystemSynchronizedGroups = (
				9DCE69FE2DBFD50900A76B23 /* GoogleMaps3DDemo */,
			);
			name = GoogleMaps3DDemo;
			packageProductDependencies = (
				9DAEBE1C2DDCCB12002CC998 /* GoogleMaps3D */,
			);
			productName = GoogleMaps3D;
			productReference = 9DCE69FC2DBFD50900A76B23 /* GoogleMaps3DDemo.app */;
			productType = "com.apple.product-type.application";
		};
		FD27CC684FF445BC8FBF2E10 /* GoogleMaps3DDemoTests */ = {
			isa = PBXNativeTarget;
			buildConfigurationList = DDF3E4253CCE41E49E80B19A /* Build configuration list for PBXNativeTarget "GoogleMaps3DDemoTests" */;
			buildPhases = (
				AC536E04021A40528FCBAF3B /* Sources */,
				8D8DF3C08E91437FAACB889B /* Frameworks */,
				95B5959FA44C47179784BE19 /* Resources */,
			);
			buildRules = (
			);
			dependencies = (
				BCFE2C2E444544C59B223913 /* PBXTargetDependency */,
			);
			name = GoogleMaps3DDemoTests;
			productName = GoogleMaps3DDemoTests;
			productReference = EF6F2E7D27D747548161C166 /* GoogleMaps3DDemoTests.xctest */;
			productType = "com.apple.product-type.bundle.unit-test";
		};
		6E92B0BBE6674640A0F1DC0E /* GoogleMaps3DDemoUITests */ = {
			isa = PBXNativeTarget;
			buildConfigurationList = 2D8ACB8D32C244E29EB11668 /* Build configuration list for PBXNativeTarget "GoogleMaps3DDemoUITests" */;
			buildPhases = (
				6F5E825D1F184207885B9E9D /* Sources */,
				0F39CC7E760B41F7A5E5AD92 /* Frameworks */,
				59780BA4F435494C942D5C6F /* Resources */,
			);
			buildRules = (
			);
			dependencies = (
				E32F1AEE4A6647F7A2E66DB1 /* PBXTargetDependency */,
			);
			name = GoogleMaps3DDemoUITests;
			productName = GoogleMaps3DDemoUITests;
			productReference = F0DEDB66DE384C3AB2E43E11 /* GoogleMaps3DDemoUITests.xctest */;
			productType = "com.apple.product-type.bundle.ui-testing";
		};
/* End PBXNativeTarget section */

/* Begin PBXProject section */
		9DCE69F42DBFD50900A76B23 /* Project object */ = {
			isa = PBXProject;
			attributes = {
				BuildIndependentTargetsInParallel = 1;
				LastSwiftUpdateCheck = 1600;
				LastUpgradeCheck = 1600;
				TargetAttributes = {
					9DCE69FB2DBFD50900A76B23 = {
						CreatedOnToolsVersion = 16.0;
					};
					FD27CC684FF445BC8FBF2E10 = {
						CreatedOnToolsVersion = 16.0;
					};
					6E92B0BBE6674640A0F1DC0E = {
						CreatedOnToolsVersion = 16.0;
					};
				};
			};
			buildConfigurationList = 9DCE69F72DBFD50900A76B23 /* Build configuration list for PBXProject "GoogleMaps3DDemo" */;
			developmentRegion = en;
			hasScannedForEncodings = 0;
			knownRegions = (
				en,
				Base,
			);
			mainGroup = 9DCE69F32DBFD50900A76B23;
			minimizedProjectReferenceProxies = 1;
			packageReferences = (
				9DAEBE1B2DDCCB12002CC998 /* XCRemoteSwiftPackageReference "ios-maps-3d-sdk" */,
			);
			preferredProjectObjectVersion = 77;
			productRefGroup = 9DCE69FD2DBFD50900A76B23 /* Products */;
			projectDirPath = "";
			projectRoot = "";
			targets = (
				9DCE69FB2DBFD50900A76B23 /* GoogleMaps3DDemo */,
				FD27CC684FF445BC8FBF2E10 /* GoogleMaps3DDemoTests */,
				6E92B0BBE6674640A0F1DC0E /* GoogleMaps3DDemoUITests */,
			);
		};
/* End PBXProject section */

/* Begin PBXResourcesBuildPhase section */
		9DCE69FA2DBFD50900A76B23 /* Resources */ = {
			isa = PBXResourcesBuildPhase;
			buildActionMask = 2147483647;
			files = (
			);
			runOnlyForDeploymentPostprocessing = 0;
		};
		95B5959FA44C47179784BE19 /* Resources */ = {
			isa = PBXResourcesBuildPhase;
			buildActionMask = 2147483647;
			files = (
				5B6C2C1E50B044168ECCF3EF /* flightpath_test.json in Resources */,
			);
			runOnlyForDeploymentPostprocessing = 0;
		};
		59780BA4F435494C942D5C6F /* Resources */ = {
			isa = PBXResourcesBuildPhase;
			buildActionMask = 2147483647;
			files = (
			);
			runOnlyForDeploymentPostprocessing = 0;
		};
/* End PBXResourcesBuildPhase section */

/* Begin PBXSourcesBuildPhase section */
		9DCE69F82DBFD50900A76B23 /* Sources */ = {
			isa = PBXSourcesBuildPhase;
			buildActionMask = 2147483647;
			files = (
			);
			runOnlyForDeploymentPostprocessing = 0;
		};
		AC536E04021A40528FCBAF3B /* Sources */ = {
			isa = PBXSourcesBuildPhase;
			buildActionMask = 2147483647;
			files = (
				EFC85924B11348DB994674BE /* ABLineTests.swift in Sources */,
				A09537AE8FDC4843BD537F16 /* WorkPointCalculatorTests.swift in Sources */,
				61A468EE753F4ED2949E7191 /* VehicleConfigurationTests.swift in Sources */,
				4BC544D7A43442A1A31AE687 /* FlightDataLoaderTests.swift in Sources */,
				FA65E5CA44BC405C8316AAF4 /* FlightPathServiceTests.swift in Sources */,
				705236C9F42343F8B0342B61 /* DatabaseManagerTests.swift in Sources */,
			);
			runOnlyForDeploymentPostprocessing = 0;
		};
		6F5E825D1F184207885B9E9D /* Sources */ = {
			isa = PBXSourcesBuildPhase;
			buildActionMask = 2147483647;
			files = (
				FE2AA3D340CC45F1BF0C4539 /* GoogleMaps3DDemoUITests.swift in Sources */,
			);
			runOnlyForDeploymentPostprocessing = 0;
		};
/* End PBXSourcesBuildPhase section */

/* Begin PBXTargetDependency section */
		BCFE2C2E444544C59B223913 /* PBXTargetDependency */ = {
			isa = PBXTargetDependency;
			target = 9DCE69FB2DBFD50900A76B23 /* GoogleMaps3DDemo */;
			targetProxy = 6B6F6AFD6D5A4BAEB8060BCC /* PBXContainerItemProxy */;
		};
		E32F1AEE4A6647F7A2E66DB1 /* PBXTargetDependency */ = {
			isa = PBXTargetDependency;
			target = 9DCE69FB2DBFD50900A76B23 /* GoogleMaps3DDemo */;
			targetProxy = 182F3BA6D6FD497FA9D84FDA /* PBXContainerItemProxy */;
		};
/* End PBXTargetDependency section */

/* Begin XCBuildConfiguration section */
		9DCE6A082DBFD50B00A76B23 /* Debug */ = {
			isa = XCBuildConfiguration;
			buildSettings = {
				ALWAYS_SEARCH_USER_PATHS = NO;
				ASSETCATALOG_COMPILER_GENERATE_SWIFT_ASSET_SYMBOL_EXTENSIONS = YES;
				CLANG_ANALYZER_NONNULL = YES;
				CLANG_ANALYZER_NUMBER_OBJECT_CONVERSION = YES_AGGRESSIVE;
				CLANG_CXX_LANGUAGE_STANDARD = "gnu++20";
				CLANG_ENABLE_MODULES = YES;
				CLANG_ENABLE_OBJC_ARC = YES;
				CLANG_ENABLE_OBJC_WEAK = YES;
				CLANG_WARN_BLOCK_CAPTURE_AUTORELEASING = YES;
				CLANG_WARN_BOOL_CONVERSION = YES;
				CLANG_WARN_COMMA = YES;
				CLANG_WARN_CONSTANT_CONVERSION = YES;
				CLANG_WARN_DEPRECATED_OBJC_IMPLEMENTATIONS = YES;
				CLANG_WARN_DIRECT_OBJC_ISA_USAGE = YES_ERROR;
				CLANG_WARN_DOCUMENTATION_COMMENTS = YES;
				CLANG_WARN_EMPTY_BODY = YES;
				CLANG_WARN_ENUM_CONVERSION = YES;
				CLANG_WARN_INFINITE_RECURSION = YES;
				CLANG_WARN_INT_CONVERSION = YES;
				CLANG_WARN_NON_LITERAL_NULL_CONVERSION = YES;
				CLANG_WARN_OBJC_IMPLICIT_RETAIN_SELF = YES;
				CLANG_WARN_OBJC_LITERAL_CONVERSION = YES;
				CLANG_WARN_OBJC_ROOT_CLASS = YES_ERROR;
				CLANG_WARN_QUOTED_INCLUDE_IN_FRAMEWORK_HEADER = YES;
				CLANG_WARN_RANGE_LOOP_ANALYSIS = YES;
				CLANG_WARN_STRICT_PROTOTYPES = YES;
				CLANG_WARN_SUSPICIOUS_MOVE = YES;
				CLANG_WARN_UNGUARDED_AVAILABILITY = YES_AGGRESSIVE;
				CLANG_WARN_UNREACHABLE_CODE = YES;
				CLANG_WARN__DUPLICATE_METHOD_MATCH = YES;
				COPY_PHASE_STRIP = NO;
				DEBUG_INFORMATION_FORMAT = dwarf;
				ENABLE_STRICT_OBJC_MSGSEND = YES;
				ENABLE_TESTABILITY = YES;
				ENABLE_USER_SCRIPT_SANDBOXING = YES;
				GCC_C_LANGUAGE_STANDARD = gnu17;
				GCC_DYNAMIC_NO_PIC = NO;
				GCC_NO_COMMON_BLOCKS = YES;
				GCC_OPTIMIZATION_LEVEL = 0;
				GCC_PREPROCESSOR_DEFINITIONS = (
					"DEBUG=1",
					"$(inherited)",
				);
				GCC_WARN_64_TO_32_BIT_CONVERSION = YES;
				GCC_WARN_ABOUT_RETURN_TYPE = YES_ERROR;
				GCC_WARN_UNDECLARED_SELECTOR = YES;
				GCC_WARN_UNINITIALIZED_AUTOS = YES_AGGRESSIVE;
				GCC_WARN_UNUSED_FUNCTION = YES;
				GCC_WARN_UNUSED_VARIABLE = YES;
				IPHONEOS_DEPLOYMENT_TARGET = 18.0;
				LOCALIZATION_PREFERS_STRING_CATALOGS = YES;
				MTL_ENABLE_DEBUG_INFO = INCLUDE_SOURCE;
				MTL_FAST_MATH = YES;
				ONLY_ACTIVE_ARCH = YES;
				SDKROOT = iphoneos;
				SWIFT_ACTIVE_COMPILATION_CONDITIONS = "DEBUG $(inherited)";
				SWIFT_OPTIMIZATION_LEVEL = "-Onone";
			};
			name = Debug;
		};
		9DCE6A092DBFD50B00A76B23 /* Release */ = {
			isa = XCBuildConfiguration;
			buildSettings = {
				ALWAYS_SEARCH_USER_PATHS = NO;
				ASSETCATALOG_COMPILER_GENERATE_SWIFT_ASSET_SYMBOL_EXTENSIONS = YES;
				CLANG_ANALYZER_NONNULL = YES;
				CLANG_ANALYZER_NUMBER_OBJECT_CONVERSION = YES_AGGRESSIVE;
				CLANG_CXX_LANGUAGE_STANDARD = "gnu++20";
				CLANG_ENABLE_MODULES = YES;
				CLANG_ENABLE_OBJC_ARC = YES;
				CLANG_ENABLE_OBJC_WEAK = YES;
				CLANG_WARN_BLOCK_CAPTURE_AUTORELEASING = YES;
				CLANG_WARN_BOOL_CONVERSION = YES;
				CLANG_WARN_COMMA = YES;
				CLANG_WARN_CONSTANT_CONVERSION = YES;
				CLANG_WARN_DEPRECATED_OBJC_IMPLEMENTATIONS = YES;
				CLANG_WARN_DIRECT_OBJC_ISA_USAGE = YES_ERROR;
				CLANG_WARN_DOCUMENTATION_COMMENTS = YES;
				CLANG_WARN_EMPTY_BODY = YES;
				CLANG_WARN_ENUM_CONVERSION = YES;
				CLANG_WARN_INFINITE_RECURSION = YES;
				CLANG_WARN_INT_CONVERSION = YES;
				CLANG_WARN_NON_LITERAL_NULL_CONVERSION = YES;
				CLANG_WARN_OBJC_IMPLICIT_RETAIN_SELF = YES;
				CLANG_WARN_OBJC_LITERAL_CONVERSION = YES;
				CLANG_WARN_OBJC_ROOT_CLASS = YES_ERROR;
				CLANG_WARN_QUOTED_INCLUDE_IN_FRAMEWORK_HEADER = YES;
				CLANG_WARN_RANGE_LOOP_ANALYSIS = YES;
				CLANG_WARN_STRICT_PROTOTYPES = YES;
				CLANG_WARN_SUSPICIOUS_MOVE = YES;
				CLANG_WARN_UNGUARDED_AVAILABILITY = YES_AGGRESSIVE;
				CLANG_WARN_UNREACHABLE_CODE = YES;
				CLANG_WARN__DUPLICATE_METHOD_MATCH = YES;
				COPY_PHASE_STRIP = NO;
				DEBUG_INFORMATION_FORMAT = "dwarf-with-dsym";
				ENABLE_NS_ASSERTIONS = NO;
				ENABLE_STRICT_OBJC_MSGSEND = YES;
				ENABLE_USER_SCRIPT_SANDBOXING = YES;
				GCC_C_LANGUAGE_STANDARD = gnu17;
				GCC_NO_COMMON_BLOCKS = YES;
				GCC_WARN_64_TO_32_BIT_CONVERSION = YES;
				GCC_WARN_ABOUT_RETURN_TYPE = YES_ERROR;
				GCC_WARN_UNDECLARED_SELECTOR = YES;
				GCC_WARN_UNINITIALIZED_AUTOS = YES_AGGRESSIVE;
				GCC_WARN_UNUSED_FUNCTION = YES;
				GCC_WARN_UNUSED_VARIABLE = YES;
				IPHONEOS_DEPLOYMENT_TARGET = 18.0;
				LOCALIZATION_PREFERS_STRING_CATALOGS = YES;
				MTL_ENABLE_DEBUG_INFO = NO;
				MTL_FAST_MATH = YES;
				SDKROOT = iphoneos;
				SWIFT_COMPILATION_MODE = wholemodule;
				VALIDATE_PRODUCT = YES;
			};
			name = Release;
		};
		9DCE6A0B2DBFD50B00A76B23 /* Debug */ = {
			isa = XCBuildConfiguration;
			buildSettings = {
				ASSETCATALOG_COMPILER_APPICON_NAME = AppIcon;
				ASSETCATALOG_COMPILER_GLOBAL_ACCENT_COLOR_NAME = AccentColor;
				CODE_SIGN_STYLE = Automatic;
				CURRENT_PROJECT_VERSION = 1;
				DEVELOPMENT_ASSET_PATHS = "\"GoogleMaps3DDemo/Preview Content\"";
				DEVELOPMENT_TEAM = 683JHFZ83X;
				ENABLE_PREVIEWS = YES;
				GENERATE_INFOPLIST_FILE = YES;
				INFOPLIST_FILE = GoogleMaps3DDemo/Info.plist;
				INFOPLIST_KEY_UIApplicationSceneManifest_Generation = YES;
				INFOPLIST_KEY_UIApplicationSupportsIndirectInputEvents = YES;
				INFOPLIST_KEY_UILaunchScreen_Generation = YES;
				INFOPLIST_KEY_UISupportedInterfaceOrientations_iPad = "UIInterfaceOrientationPortrait UIInterfaceOrientationPortraitUpsideDown UIInterfaceOrientationLandscapeLeft UIInterfaceOrientationLandscapeRight";
				INFOPLIST_KEY_UISupportedInterfaceOrientations_iPhone = "UIInterfaceOrientationPortrait UIInterfaceOrientationLandscapeLeft UIInterfaceOrientationLandscapeRight";
				LD_RUNPATH_SEARCH_PATHS = (
					"$(inherited)",
					"@executable_path/Frameworks",
				);
				MARKETING_VERSION = 1.0;
				PRODUCT_BUNDLE_IDENTIFIER = com.example.GoogleMaps3DDemo.GoogleMaps3DDemo;
				PRODUCT_NAME = "$(TARGET_NAME)";
				SWIFT_EMIT_LOC_STRINGS = YES;
				SWIFT_VERSION = 5.0;
				TARGETED_DEVICE_FAMILY = "1,2";
			};
			name = Debug;
		};
		9DCE6A0C2DBFD50B00A76B23 /* Release */ = {
			isa = XCBuildConfiguration;
			buildSettings = {
				ASSETCATALOG_COMPILER_APPICON_NAME = AppIcon;
				ASSETCATALOG_COMPILER_GLOBAL_ACCENT_COLOR_NAME = AccentColor;
				CODE_SIGN_STYLE = Automatic;
				CURRENT_PROJECT_VERSION = 1;
				DEVELOPMENT_ASSET_PATHS = "\"GoogleMaps3DDemo/Preview Content\"";
				DEVELOPMENT_TEAM = 683JHFZ83X;
				ENABLE_PREVIEWS = YES;
				GENERATE_INFOPLIST_FILE = YES;
				INFOPLIST_FILE = GoogleMaps3DDemo/Info.plist;
				INFOPLIST_KEY_UIApplicationSceneManifest_Generation = YES;
				INFOPLIST_KEY_UIApplicationSupportsIndirectInputEvents = YES;
				INFOPLIST_KEY_UILaunchScreen_Generation = YES;
				INFOPLIST_KEY_UISupportedInterfaceOrientations_iPad = "UIInterfaceOrientationPortrait UIInterfaceOrientationPortraitUpsideDown UIInterfaceOrientationLandscapeLeft UIInterfaceOrientationLandscapeRight";
				INFOPLIST_KEY_UISupportedInterfaceOrientations_iPhone = "UIInterfaceOrientationPortrait UIInterfaceOrientationLandscapeLeft UIInterfaceOrientationLandscapeRight";
				LD_RUNPATH_SEARCH_PATHS = (
					"$(inherited)",
					"@executable_path/Frameworks",
				);
				MARKETING_VERSION = 1.0;
				PRODUCT_BUNDLE_IDENTIFIER = com.example.GoogleMaps3DDemo.GoogleMaps3DDemo;
				PRODUCT_NAME = "$(TARGET_NAME)";
				SWIFT_EMIT_LOC_STRINGS = YES;
				SWIFT_VERSION = 5.0;
				TARGETED_DEVICE_FAMILY = "1,2";
			};
			name = Release;
		};
		114FE8100126406B8BD430FB /* Debug */ = {
			isa = XCBuildConfiguration;
			buildSettings = {
				BUNDLE_LOADER = "$(TEST_HOST)";
				GENERATE_INFOPLIST_FILE = YES;
				IPHONEOS_DEPLOYMENT_TARGET = 18.0;
				LD_RUNPATH_SEARCH_PATHS = (
					"$(inherited)",
					"@executable_path/Frameworks",
					"@loader_path/Frameworks",
				);
				PRODUCT_BUNDLE_IDENTIFIER = com.example.GoogleMaps3DDemo.GoogleMaps3DDemoTests;
				PRODUCT_NAME = "$(TARGET_NAME)";
				SWIFT_VERSION = 5.0;
				TARGETED_DEVICE_FAMILY = "1,2";
				TEST_HOST = "$(BUILT_PRODUCTS_DIR)/GoogleMaps3DDemo.app/$(BUNDLE_EXECUTABLE_FOLDER_PATH)/GoogleMaps3DDemo";
			};
			name = Debug;
		};
		BE3674AD90384517BCAC2CDE /* Release */ = {
			isa = XCBuildConfiguration;
			buildSettings = {
				BUNDLE_LOADER = "$(TEST_HOST)";
				GENERATE_INFOPLIST_FILE = YES;
				IPHONEOS_DEPLOYMENT_TARGET = 18.0;
				LD_RUNPATH_SEARCH_PATHS = (
					"$(inherited)",
					"@executable_path/Frameworks",
					"@loader_path/Frameworks",
				);
				PRODUCT_BUNDLE_IDENTIFIER = com.example.GoogleMaps3DDemo.GoogleMaps3DDemoTests;
				PRODUCT_NAME = "$(TARGET_NAME)";
				SWIFT_VERSION = 5.0;
				TARGETED_DEVICE_FAMILY = "1,2";
				TEST_HOST = "$(BUILT_PRODUCTS_DIR)/GoogleMaps3DDemo.app/$(BUNDLE_EXECUTABLE_FOLDER_PATH)/GoogleMaps3DDemo";
			};
			name = Release;
		};
		99A524B156BB4E7298A99CB0 /* Debug */ = {
			isa = XCBuildConfiguration;
			buildSettings = {
				GENERATE_INFOPLIST_FILE = YES;
				IPHONEOS_DEPLOYMENT_TARGET = 18.0;
				LD_RUNPATH_SEARCH_PATHS = (
					"$(inherited)",
					"@executable_path/Frameworks",
					"@loader_path/Frameworks",
				);
				PRODUCT_BUNDLE_IDENTIFIER = com.example.GoogleMaps3DDemo.GoogleMaps3DDemoUITests;
				PRODUCT_NAME = "$(TARGET_NAME)";
				SWIFT_VERSION = 5.0;
				TARGETED_DEVICE_FAMILY = "1,2";
				TEST_TARGET_NAME = GoogleMaps3DDemo;
			};
			name = Debug;
		};
		8D02EFC079194C1BA9CE8328 /* Release */ = {
			isa = XCBuildConfiguration;
			buildSettings = {
				GENERATE_INFOPLIST_FILE = YES;
				IPHONEOS_DEPLOYMENT_TARGET = 18.0;
				LD_RUNPATH_SEARCH_PATHS = (
					"$(inherited)",
					"@executable_path/Frameworks",
					"@loader_path/Frameworks",
				);
				PRODUCT_BUNDLE_IDENTIFIER = com.example.GoogleMaps3DDemo.GoogleMaps3DDemoUITests;
				PRODUCT_NAME = "$(TARGET_NAME)";
				SWIFT_VERSION = 5.0;
				TARGETED_DEVICE_FAMILY = "1,2";
				TEST_TARGET_NAME = GoogleMaps3DDemo;
			};
			name = Release;
		};
/* End XCBuildConfiguration section */

/* Begin XCConfigurationList section */
		9DCE69F72DBFD50900A76B23 /* Build configuration list for PBXProject "GoogleMaps3DDemo" */ = {
			isa = XCConfigurationList;
			buildConfigurations = (
				9DCE6A082DBFD50B00A76B23 /* Debug */,
				9DCE6A092DBFD50B00A76B23 /* Release */,
			);
			defaultConfigurationIsVisible = 0;
			defaultConfigurationName = Release;
		};
		9DCE6A0A2DBFD50B00A76B23 /* Build configuration list for PBXNativeTarget "GoogleMaps3DDemo" */ = {
			isa = XCConfigurationList;
			buildConfigurations = (
				9DCE6A0B2DBFD50B00A76B23 /* Debug */,
				9DCE6A0C2DBFD50B00A76B23 /* Release */,
			);
			defaultConfigurationIsVisible = 0;
			defaultConfigurationName = Release;
		};
		DDF3E4253CCE41E49E80B19A /* Build configuration list for PBXNativeTarget "GoogleMaps3DDemoTests" */ = {
			isa = XCConfigurationList;
			buildConfigurations = (
				114FE8100126406B8BD430FB /* Debug */,
				BE3674AD90384517BCAC2CDE /* Release */,
			);
			defaultConfigurationIsVisible = 0;
			defaultConfigurationName = Release;
		};
		2D8ACB8D32C244E29EB11668 /* Build configuration list for PBXNativeTarget "GoogleMaps3DDemoUITests" */ = {
			isa = XCConfigurationList;
			buildConfigurations = (
				99A524B156BB4E7298A99CB0 /* Debug */,
				8D02EFC079194C1BA9CE8328 /* Release */,
			);
			defaultConfigurationIsVisible = 0;
			defaultConfigurationName = Release;
		};
/* End XCConfigurationList section */

/* Begin XCRemoteSwiftPackageReference section */
		9DAEBE1B2DDCCB12002CC998 /* XCRemoteSwiftPackageReference "ios-maps-3d-sdk" */ = {
			isa = XCRemoteSwiftPackageReference;
			repositoryURL = "https://github.com/googlemaps/ios-maps-3d-sdk";
			requirement = {
				kind = upToNextMajorVersion;
				minimumVersion = 0.0.1;
			};
		};
/* End XCRemoteSwiftPackageReference section */

/* Begin XCSwiftPackageProductDependency section */
		9DAEBE1C2DDCCB12002CC998 /* GoogleMaps3D */ = {
			isa = XCSwiftPackageProductDependency;
			package = 9DAEBE1B2DDCCB12002CC998 /* XCRemoteSwiftPackageReference "ios-maps-3d-sdk" */;
			productName = GoogleMaps3D;
		};
/* End XCSwiftPackageProductDependency section */
	};
	rootObject = 9DCE69F42DBFD50900A76B23 /* Project object */;
}
